
Microsoft Visual Studio Solution File, Format Version 12.00
# Visual Studio Version 16
VisualStudioVersion = 16.0.30804.86
MinimumVisualStudioVersion = 10.0.40219.1
Project("{9A19103F-16F7-4668-BE54-9A1E7A4F7556}") = "ParkBee.Assessment.API", "ParkBee.Assessment.API\ParkBee.Assessment.API.csproj", "{4BFFB24D-7316-4054-8145-460F15BB35CA}"
EndProject
Project("{9A19103F-16F7-4668-BE54-9A1E7A4F7556}") = "ParkBee.Assessment.Application", "ParkBee.Assessment.Application\ParkBee.Assessment.Application.csproj", "{82908575-FD36-4BE1-BE81-F4213D869633}"
EndProject
Project("{9A19103F-16F7-4668-BE54-9A1E7A4F7556}") = "ParkBee.Assessment.Domain", "ParkBee.Assessment.Domain\ParkBee.Assessment.Domain.csproj", "{2EA4CE61-B391-4A54-B29E-F2015EAD4817}"
EndProject
Project("{9A19103F-16F7-4668-BE54-9A1E7A4F7556}") = "ParkBee.Assessment.Infra", "ParkBee.Assessment.Infra\ParkBee.Assessment.Infra.csproj", "{57130F84-180D-490B-9EDE-9FADFF3B8900}"
EndProject
Project("{2150E333-8FDC-42A3-9474-1A3956D46DE8}") = "Tests", "Tests", "{ED3279B7-91C8-4EAA-B8C9-18108FE126A5}"
EndProject
Project("{9A19103F-16F7-4668-BE54-9A1E7A4F7556}") = "ParkBee.Assessment.Application.UnitTests", "ParkBee.Assessment.Application.UnitTests\ParkBee.Assessment.Application.UnitTests.csproj", "{795DBF31-964F-409F-8C87-48F035C7B40E}"
EndProject
Project("{9A19103F-16F7-4668-BE54-9A1E7A4F7556}") = "ParkBee.Assessment.IntegrationTests", "ParkBee.Assessment.IntegrationTests\ParkBee.Assessment.IntegrationTests.csproj", "{9DDB6313-9DCB-4272-8838-4E10EE2F63AE}"
EndProject
Global
	GlobalSection(SolutionConfigurationPlatforms) = preSolution
		Debug|Any CPU = Debug|Any CPU
		Release|Any CPU = Release|Any CPU
	EndGlobalSection
	GlobalSection(ProjectConfigurationPlatforms) = postSolution
		{4BFFB24D-7316-4054-8145-460F15BB35CA}.Debug|Any CPU.ActiveCfg = Debug|Any CPU
		{4BFFB24D-7316-4054-8145-460F15BB35CA}.Debug|Any CPU.Build.0 = Debug|Any CPU
		{4BFFB24D-7316-4054-8145-460F15BB35CA}.Release|Any CPU.ActiveCfg = Release|Any CPU
		{4BFFB24D-7316-4054-8145-460F15BB35CA}.Release|Any CPU.Build.0 = Release|Any CPU
		{82908575-FD36-4BE1-BE81-F4213D869633}.Debug|Any CPU.ActiveCfg = Debug|Any CPU
		{82908575-FD36-4BE1-BE81-F4213D869633}.Debug|Any CPU.Build.0 = Debug|Any CPU
		{82908575-FD36-4BE1-BE81-F4213D869633}.Release|Any CPU.ActiveCfg = Release|Any CPU
		{82908575-FD36-4BE1-BE81-F4213D869633}.Release|Any CPU.Build.0 = Release|Any CPU
		{2EA4CE61-B391-4A54-B29E-F2015EAD4817}.Debug|Any CPU.ActiveCfg = Debug|Any CPU
		{2EA4CE61-B391-4A54-B29E-F2015EAD4817}.Debug|Any CPU.Build.0 = Debug|Any CPU
		{2EA4CE61-B391-4A54-B29E-F2015EAD4817}.Release|Any CPU.ActiveCfg = Release|Any CPU
		{2EA4CE61-B391-4A54-B29E-F2015EAD4817}.Release|Any CPU.Build.0 = Release|Any CPU
		{57130F84-180D-490B-9EDE-9FADFF3B8900}.Debug|Any CPU.ActiveCfg = Debug|Any CPU
		{57130F84-180D-490B-9EDE-9FADFF3B8900}.Debug|Any CPU.Build.0 = Debug|Any CPU
		{57130F84-180D-490B-9EDE-9FADFF3B8900}.Release|Any CPU.ActiveCfg = Release|Any CPU
		{57130F84-180D-490B-9EDE-9FADFF3B8900}.Release|Any CPU.Build.0 = Release|Any CPU
		{795DBF31-964F-409F-8C87-48F035C7B40E}.Debug|Any CPU.ActiveCfg = Debug|Any CPU
		{795DBF31-964F-409F-8C87-48F035C7B40E}.Debug|Any CPU.Build.0 = Debug|Any CPU
		{795DBF31-964F-409F-8C87-48F035C7B40E}.Release|Any CPU.ActiveCfg = Release|Any CPU
		{795DBF31-964F-409F-8C87-48F035C7B40E}.Release|Any CPU.Build.0 = Release|Any CPU
		{9DDB6313-9DCB-4272-8838-4E10EE2F63AE}.Debug|Any CPU.ActiveCfg = Debug|Any CPU
		{9DDB6313-9DCB-4272-8838-4E10EE2F63AE}.Debug|Any CPU.Build.0 = Debug|Any CPU
		{9DDB6313-9DCB-4272-8838-4E10EE2F63AE}.Release|Any CPU.ActiveCfg = Release|Any CPU
		{9DDB6313-9DCB-4272-8838-4E10EE2F63AE}.Release|Any CPU.Build.0 = Release|Any CPU
	EndGlobalSection
	GlobalSection(SolutionProperties) = preSolution
		HideSolutionNode = FALSE
	EndGlobalSection
	GlobalSection(NestedProjects) = preSolution
		{795DBF31-964F-409F-8C87-48F035C7B40E} = {ED3279B7-91C8-4EAA-B8C9-18108FE126A5}
		{9DDB6313-9DCB-4272-8838-4E10EE2F63AE} = {ED3279B7-91C8-4EAA-B8C9-18108FE126A5}
	EndGlobalSection
	GlobalSection(ExtensibilityGlobals) = postSolution
		SolutionGuid = {B72F6EFF-5826-496D-B7A9-7FA4207DFC93}
	EndGlobalSection
EndGlobal
